
Microsoft Visual Studio Solution File, Format Version 12.00
# Visual Studio Version 17
VisualStudioVersion = 17.0.31919.166
MinimumVisualStudioVersion = 10.0.40219.1
Project("{FAE04EC0-301F-11D3-BF4B-00C04F79EFBC}") = "Crowler", "Crowler\Crowler.csproj", "{05E446A9-6E46-40DC-A17F-19F479DA723E}"
EndProject
Global
	GlobalSection(SolutionConfigurationPlatforms) = preSolution
		Debug|Any CPU = Debug|Any CPU
		Release|Any CPU = Release|Any CPU
	EndGlobalSection
	GlobalSection(ProjectConfigurationPlatforms) = postSolution
		{05E446A9-6E46-40DC-A17F-19F479DA723E}.Debug|Any CPU.ActiveCfg = Debug|Any CPU
		{05E446A9-6E46-40DC-A17F-19F479DA723E}.Debug|Any CPU.Build.0 = Debug|Any CPU
		{05E446A9-6E46-40DC-A17F-19F479DA723E}.Release|Any CPU.ActiveCfg = Release|Any CPU
		{05E446A9-6E46-40DC-A17F-19F479DA723E}.Release|Any CPU.Build.0 = Release|Any CPU
	EndGlobalSection
	GlobalSection(SolutionProperties) = preSolution
		HideSolutionNode = FALSE
	EndGlobalSection
	GlobalSection(ExtensibilityGlobals) = postSolution
		SolutionGuid = {89BEF816-AE14-4526-9C41-F86D9CB9FC5D}
	EndGlobalSection
EndGlobal
